
Microsoft Visual Studio Solution File, Format Version 12.00
# Visual Studio Version 16
VisualStudioVersion = 16.0.29926.136
MinimumVisualStudioVersion = 10.0.40219.1
Project("{FAE04EC0-301F-11D3-BF4B-00C04F79EFBC}") = "TetrisGraficzny", "TetrisGraficzny.csproj", "{8C79637B-1AE7-4948-A210-1934F2F6931E}"
EndProject
Global
	GlobalSection(SolutionConfigurationPlatforms) = preSolution
		Debug|Any CPU = Debug|Any CPU
		Release|Any CPU = Release|Any CPU
	EndGlobalSection
	GlobalSection(ProjectConfigurationPlatforms) = postSolution
		{8C79637B-1AE7-4948-A210-1934F2F6931E}.Debug|Any CPU.ActiveCfg = Debug|Any CPU
		{8C79637B-1AE7-4948-A210-1934F2F6931E}.Debug|Any CPU.Build.0 = Debug|Any CPU
		{8C79637B-1AE7-4948-A210-1934F2F6931E}.Release|Any CPU.ActiveCfg = Release|Any CPU
		{8C79637B-1AE7-4948-A210-1934F2F6931E}.Release|Any CPU.Build.0 = Release|Any CPU
	EndGlobalSection
	GlobalSection(SolutionProperties) = preSolution
		HideSolutionNode = FALSE
	EndGlobalSection
	GlobalSection(ExtensibilityGlobals) = postSolution
		SolutionGuid = {A7C17E81-FBB3-4545-BBA3-C736BECCA59C}
	EndGlobalSection
EndGlobal
